github.com/dnb-org/dnb-hugo-debug v1.4.3 h1:LbSxXq624VWkFEtoMJBaLuH7cXvZIXRYzzP6xiS4o2o=
github.com/dnb-org/dnb-hugo-debug v1.4.3/go.mod h1:NWi/VpUDXC2GU5TLM7UEjL7HPT2WmgHgoURHTCVzTho=
github.com/dnb-org/dnb-hugo-functions v1.0.4 h1:pLsxBtilD/ZquGzcFcWiKOA0BwICMaAum71wLUxZjys=
github.com/dnb-org/dnb-hugo-functions v1.0.4/go.mod h1:bTX/w1EzpOQYB+XOcInG/k/zPK8/pj7P2OuQNTXnp5g=
github.com/dnb-org/dnb-hugo-icons v1.1.3 h1:xo39a6azpk4HBrbqOpRfAVnB4YHMG19ZoifsjHI8RoA=
github.com/dnb-org/dnb-hugo-icons v1.1.3/go.mod h1:LzyYXWhNGu2yqOx+skP5wYc5sobjH8jFNTjmSpZBudo=
