github.com/davidsneighbour/hugo-debug v1.4.3 h1:LbSxXq624VWkFEtoMJBaLuH7cXvZIXRYzzP6xiS4o2o=
github.com/davidsneighbour/hugo-debug v1.4.3/go.mod h1:NWi/VpUDXC2GU5TLM7UEjL7HPT2WmgHgoURHTCVzTho=
github.com/davidsneighbour/hugo-functions v1.0.7 h1:odQcI3oTzW7c1DSa0Gz4WFjSu8rQVYoUsQA0WsmuHjE=
github.com/davidsneighbour/hugo-functions v1.0.7/go.mod h1:bTX/w1EzpOQYB+XOcInG/k/zPK8/pj7P2OuQNTXnp5g=
github.com/davidsneighbour/hugo-icons v1.1.4 h1:ZaK5bultBcHenVJ6SAKmzYUFjfg4VHx8cywXXx/kwAk=
github.com/davidsneighbour/hugo-icons v1.1.4/go.mod h1:U5HN9EgCG9CfgtQs/47m3rPtWwkaiJ1Cm9OvtR8YM+c=
