github.com/dnb-org/dnb-hugo-debug v1.4.3 h1:LbSxXq624VWkFEtoMJBaLuH7cXvZIXRYzzP6xiS4o2o=
github.com/dnb-org/dnb-hugo-debug v1.4.3/go.mod h1:NWi/VpUDXC2GU5TLM7UEjL7HPT2WmgHgoURHTCVzTho=
github.com/dnb-org/dnb-hugo-functions v1.0.6 h1:dEXPlDY12t8UjPz6ACS/rAjS3gNu1xhaD43XCvbBVHs=
github.com/dnb-org/dnb-hugo-functions v1.0.6/go.mod h1:bTX/w1EzpOQYB+XOcInG/k/zPK8/pj7P2OuQNTXnp5g=
github.com/dnb-org/dnb-hugo-icons v1.1.4 h1:ZaK5bultBcHenVJ6SAKmzYUFjfg4VHx8cywXXx/kwAk=
github.com/dnb-org/dnb-hugo-icons v1.1.4/go.mod h1:U5HN9EgCG9CfgtQs/47m3rPtWwkaiJ1Cm9OvtR8YM+c=
